
Microsoft Visual Studio Solution File, Format Version 12.00
# Visual Studio Version 17
VisualStudioVersion = 17.10.34916.146
MinimumVisualStudioVersion = 10.0.40219.1
Project("{9A19103F-16F7-4668-BE54-9A1E7A4F7556}") = "AppCheck", "AppCheck\AppCheck.csproj", "{13B73ECD-B6B1-445C-BE9A-32E2917870A3}"
EndProject
Project("{FAE04EC0-301F-11D3-BF4B-00C04F79EFBC}") = "AppCheck.Settings", "AppCheck.Settings\AppCheck.Settings.csproj", "{AC27B2C0-AC5B-4C62-B471-2CE39FF3CEDA}"
EndProject
Global
	GlobalSection(SolutionConfigurationPlatforms) = preSolution
		Debug|Any CPU = Debug|Any CPU
		Release|Any CPU = Release|Any CPU
	EndGlobalSection
	GlobalSection(ProjectConfigurationPlatforms) = postSolution
		{13B73ECD-B6B1-445C-BE9A-32E2917870A3}.Debug|Any CPU.ActiveCfg = Debug|Any CPU
		{13B73ECD-B6B1-445C-BE9A-32E2917870A3}.Debug|Any CPU.Build.0 = Debug|Any CPU
		{13B73ECD-B6B1-445C-BE9A-32E2917870A3}.Release|Any CPU.ActiveCfg = Release|Any CPU
		{13B73ECD-B6B1-445C-BE9A-32E2917870A3}.Release|Any CPU.Build.0 = Release|Any CPU
		{AC27B2C0-AC5B-4C62-B471-2CE39FF3CEDA}.Debug|Any CPU.ActiveCfg = Debug|Any CPU
		{AC27B2C0-AC5B-4C62-B471-2CE39FF3CEDA}.Debug|Any CPU.Build.0 = Debug|Any CPU
		{AC27B2C0-AC5B-4C62-B471-2CE39FF3CEDA}.Release|Any CPU.ActiveCfg = Release|Any CPU
		{AC27B2C0-AC5B-4C62-B471-2CE39FF3CEDA}.Release|Any CPU.Build.0 = Release|Any CPU
	EndGlobalSection
	GlobalSection(SolutionProperties) = preSolution
		HideSolutionNode = FALSE
	EndGlobalSection
	GlobalSection(ExtensibilityGlobals) = postSolution
		SolutionGuid = {9AB25ECC-BDFA-47F2-A328-898F939A7F87}
	EndGlobalSection
EndGlobal
